
Microsoft Visual Studio Solution File, Format Version 12.00
# Visual Studio Version 17
VisualStudioVersion = 17.14.36401.2
MinimumVisualStudioVersion = 10.0.40219.1
Project("{FAE04EC0-301F-11D3-BF4B-00C04F79EFBC}") = "FlightClientApp", "FlightClientApp\FlightClientApp.csproj", "{A701449A-B73F-4CCF-B685-26D601DBE9CF}"
EndProject
Project("{FAE04EC0-301F-11D3-BF4B-00C04F79EFBC}") = "FlightStorageService", "FlightStorageService\FlightStorageService.csproj", "{B323CD06-CC31-45E6-96C8-E06A038FB5BA}"
EndProject
Project("{E53339B2-1760-4266-BCC7-CA923CBCF16C}") = "docker-compose", "docker-compose.dcproj", "{81DDED9D-158B-E303-5F62-77A2896D2A5A}"
EndProject
Project("{FAE04EC0-301F-11D3-BF4B-00C04F79EFBC}") = "CleanupWorker", "CleanupWorker\CleanupWorker.csproj", "{1F822E8D-BBE6-4ADA-8430-8D74AFBB888A}"
EndProject
Global
	GlobalSection(SolutionConfigurationPlatforms) = preSolution
		Debug|Any CPU = Debug|Any CPU
		Release|Any CPU = Release|Any CPU
	EndGlobalSection
	GlobalSection(ProjectConfigurationPlatforms) = postSolution
		{A701449A-B73F-4CCF-B685-26D601DBE9CF}.Debug|Any CPU.ActiveCfg = Debug|Any CPU
		{A701449A-B73F-4CCF-B685-26D601DBE9CF}.Debug|Any CPU.Build.0 = Debug|Any CPU
		{A701449A-B73F-4CCF-B685-26D601DBE9CF}.Release|Any CPU.ActiveCfg = Release|Any CPU
		{A701449A-B73F-4CCF-B685-26D601DBE9CF}.Release|Any CPU.Build.0 = Release|Any CPU
		{B323CD06-CC31-45E6-96C8-E06A038FB5BA}.Debug|Any CPU.ActiveCfg = Debug|Any CPU
		{B323CD06-CC31-45E6-96C8-E06A038FB5BA}.Debug|Any CPU.Build.0 = Debug|Any CPU
		{B323CD06-CC31-45E6-96C8-E06A038FB5BA}.Release|Any CPU.ActiveCfg = Release|Any CPU
		{B323CD06-CC31-45E6-96C8-E06A038FB5BA}.Release|Any CPU.Build.0 = Release|Any CPU
		{81DDED9D-158B-E303-5F62-77A2896D2A5A}.Debug|Any CPU.ActiveCfg = Debug|Any CPU
		{81DDED9D-158B-E303-5F62-77A2896D2A5A}.Debug|Any CPU.Build.0 = Debug|Any CPU
		{81DDED9D-158B-E303-5F62-77A2896D2A5A}.Release|Any CPU.ActiveCfg = Release|Any CPU
		{81DDED9D-158B-E303-5F62-77A2896D2A5A}.Release|Any CPU.Build.0 = Release|Any CPU
		{1F822E8D-BBE6-4ADA-8430-8D74AFBB888A}.Debug|Any CPU.ActiveCfg = Debug|Any CPU
		{1F822E8D-BBE6-4ADA-8430-8D74AFBB888A}.Debug|Any CPU.Build.0 = Debug|Any CPU
		{1F822E8D-BBE6-4ADA-8430-8D74AFBB888A}.Release|Any CPU.ActiveCfg = Release|Any CPU
		{1F822E8D-BBE6-4ADA-8430-8D74AFBB888A}.Release|Any CPU.Build.0 = Release|Any CPU
	EndGlobalSection
	GlobalSection(SolutionProperties) = preSolution
		HideSolutionNode = FALSE
	EndGlobalSection
	GlobalSection(ExtensibilityGlobals) = postSolution
		SolutionGuid = {341D5546-944E-409A-9D95-F7CD69846747}
	EndGlobalSection
EndGlobal
